
Microsoft Visual Studio Solution File, Format Version 12.00
# Visual Studio Version 17
VisualStudioVersion = 17.12.35707.178 d17.12
MinimumVisualStudioVersion = 10.0.40219.1
Project("{FAE04EC0-301F-11D3-BF4B-00C04F79EFBC}") = "jogosultsagigenylo.Server", "jogosultsagigenylo.Server\jogosultsagigenylo.Server.csproj", "{620A6DAD-425D-49AF-B358-1F95BB31A3EA}"
EndProject
Project("{54A90642-561A-4BB1-A94E-469ADEE60C69}") = "jogosultsagigenylo.client", "jogosultsagigenylo.client\jogosultsagigenylo.client.esproj", "{1312E40B-8580-4B25-AFD4-327216680619}"
EndProject
Global
	GlobalSection(SolutionConfigurationPlatforms) = preSolution
		Debug|Any CPU = Debug|Any CPU
		Release|Any CPU = Release|Any CPU
	EndGlobalSection
	GlobalSection(ProjectConfigurationPlatforms) = postSolution
		{620A6DAD-425D-49AF-B358-1F95BB31A3EA}.Debug|Any CPU.ActiveCfg = Debug|Any CPU
		{620A6DAD-425D-49AF-B358-1F95BB31A3EA}.Debug|Any CPU.Build.0 = Debug|Any CPU
		{620A6DAD-425D-49AF-B358-1F95BB31A3EA}.Release|Any CPU.ActiveCfg = Release|Any CPU
		{620A6DAD-425D-49AF-B358-1F95BB31A3EA}.Release|Any CPU.Build.0 = Release|Any CPU
		{1312E40B-8580-4B25-AFD4-327216680619}.Debug|Any CPU.ActiveCfg = Debug|Any CPU
		{1312E40B-8580-4B25-AFD4-327216680619}.Debug|Any CPU.Build.0 = Debug|Any CPU
		{1312E40B-8580-4B25-AFD4-327216680619}.Debug|Any CPU.Deploy.0 = Debug|Any CPU
		{1312E40B-8580-4B25-AFD4-327216680619}.Release|Any CPU.ActiveCfg = Release|Any CPU
		{1312E40B-8580-4B25-AFD4-327216680619}.Release|Any CPU.Build.0 = Release|Any CPU
		{1312E40B-8580-4B25-AFD4-327216680619}.Release|Any CPU.Deploy.0 = Release|Any CPU
	EndGlobalSection
	GlobalSection(SolutionProperties) = preSolution
		HideSolutionNode = FALSE
	EndGlobalSection
EndGlobal
